
Microsoft Visual Studio Solution File, Format Version 12.00
# Visual Studio Version 17
VisualStudioVersion = 17.6.33815.320
MinimumVisualStudioVersion = 10.0.40219.1
Project("{FAE04EC0-301F-11D3-BF4B-00C04F79EFBC}") = "LiteDbPlayground", "LiteDbPlayground\LiteDbPlayground.csproj", "{B1BCE12D-6F16-4C14-AB47-B0165B5C7B88}"
EndProject
Global
	GlobalSection(SolutionConfigurationPlatforms) = preSolution
		Debug|Any CPU = Debug|Any CPU
		Release|Any CPU = Release|Any CPU
	EndGlobalSection
	GlobalSection(ProjectConfigurationPlatforms) = postSolution
		{B1BCE12D-6F16-4C14-AB47-B0165B5C7B88}.Debug|Any CPU.ActiveCfg = Debug|Any CPU
		{B1BCE12D-6F16-4C14-AB47-B0165B5C7B88}.Debug|Any CPU.Build.0 = Debug|Any CPU
		{B1BCE12D-6F16-4C14-AB47-B0165B5C7B88}.Release|Any CPU.ActiveCfg = Release|Any CPU
		{B1BCE12D-6F16-4C14-AB47-B0165B5C7B88}.Release|Any CPU.Build.0 = Release|Any CPU
	EndGlobalSection
	GlobalSection(SolutionProperties) = preSolution
		HideSolutionNode = FALSE
	EndGlobalSection
	GlobalSection(ExtensibilityGlobals) = postSolution
		SolutionGuid = {A580E83D-BEC4-433F-8D24-CB550BFAC2CC}
	EndGlobalSection
EndGlobal
